
Microsoft Visual Studio Solution File, Format Version 12.00
# Visual Studio 2013
VisualStudioVersion = 12.0.21005.1
MinimumVisualStudioVersion = 10.0.40219.1
Project("{FAE04EC0-301F-11D3-BF4B-00C04F79EFBC}") = "Asset-Tracking-System", "Asset-Tracking-System\Asset-Tracking-System.csproj", "{D235DBCC-DFE8-4C43-AC0D-99171C330A64}"
EndProject
Project("{2150E333-8FDC-42A3-9474-1A3956D46DE8}") = ".nuget", ".nuget", "{7213FDD2-7C45-4DF2-8E70-3FA3852C4F68}"
	ProjectSection(SolutionItems) = preProject
		.nuget\NuGet.Config = .nuget\NuGet.Config
		.nuget\NuGet.exe = .nuget\NuGet.exe
		.nuget\NuGet.targets = .nuget\NuGet.targets
	EndProjectSection
EndProject
Project("{FAE04EC0-301F-11D3-BF4B-00C04F79EFBC}") = "AssetTrackinSystem.DAL", "AssetTrackinSystem.DAL\AssetTrackinSystem.DAL.csproj", "{71A6486B-A3C0-4C23-B42C-B8A26AD379DD}"
EndProject
Project("{FAE04EC0-301F-11D3-BF4B-00C04F79EFBC}") = "AssetTrackingSystem.BLL", "AssetTrackingSystem.BLL\AssetTrackingSystem.BLL.csproj", "{D171F2E3-C021-46E2-AAE9-F79B8139FE8D}"
EndProject
Project("{FAE04EC0-301F-11D3-BF4B-00C04F79EFBC}") = "AssetTrackingSystem.Model", "AssetTrackingSystem.Models\AssetTrackingSystem.Model.csproj", "{86B94EF4-4CEE-41CF-8676-E2C6021A3D7E}"
EndProject
Global
	GlobalSection(SolutionConfigurationPlatforms) = preSolution
		Debug|Any CPU = Debug|Any CPU
		Release|Any CPU = Release|Any CPU
	EndGlobalSection
	GlobalSection(ProjectConfigurationPlatforms) = postSolution
		{D235DBCC-DFE8-4C43-AC0D-99171C330A64}.Debug|Any CPU.ActiveCfg = Debug|Any CPU
		{D235DBCC-DFE8-4C43-AC0D-99171C330A64}.Debug|Any CPU.Build.0 = Debug|Any CPU
		{D235DBCC-DFE8-4C43-AC0D-99171C330A64}.Release|Any CPU.ActiveCfg = Release|Any CPU
		{D235DBCC-DFE8-4C43-AC0D-99171C330A64}.Release|Any CPU.Build.0 = Release|Any CPU
		{71A6486B-A3C0-4C23-B42C-B8A26AD379DD}.Debug|Any CPU.ActiveCfg = Debug|Any CPU
		{71A6486B-A3C0-4C23-B42C-B8A26AD379DD}.Debug|Any CPU.Build.0 = Debug|Any CPU
		{71A6486B-A3C0-4C23-B42C-B8A26AD379DD}.Release|Any CPU.ActiveCfg = Release|Any CPU
		{71A6486B-A3C0-4C23-B42C-B8A26AD379DD}.Release|Any CPU.Build.0 = Release|Any CPU
		{D171F2E3-C021-46E2-AAE9-F79B8139FE8D}.Debug|Any CPU.ActiveCfg = Debug|Any CPU
		{D171F2E3-C021-46E2-AAE9-F79B8139FE8D}.Debug|Any CPU.Build.0 = Debug|Any CPU
		{D171F2E3-C021-46E2-AAE9-F79B8139FE8D}.Release|Any CPU.ActiveCfg = Release|Any CPU
		{D171F2E3-C021-46E2-AAE9-F79B8139FE8D}.Release|Any CPU.Build.0 = Release|Any CPU
		{86B94EF4-4CEE-41CF-8676-E2C6021A3D7E}.Debug|Any CPU.ActiveCfg = Debug|Any CPU
		{86B94EF4-4CEE-41CF-8676-E2C6021A3D7E}.Debug|Any CPU.Build.0 = Debug|Any CPU
		{86B94EF4-4CEE-41CF-8676-E2C6021A3D7E}.Release|Any CPU.ActiveCfg = Release|Any CPU
		{86B94EF4-4CEE-41CF-8676-E2C6021A3D7E}.Release|Any CPU.Build.0 = Release|Any CPU
	EndGlobalSection
	GlobalSection(SolutionProperties) = preSolution
		HideSolutionNode = FALSE
	EndGlobalSection
EndGlobal
